
Microsoft Visual Studio Solution File, Format Version 12.00
# Visual Studio Version 16
VisualStudioVersion = 16.0.29123.88
MinimumVisualStudioVersion = 10.0.40219.1
Project("{FAE04EC0-301F-11D3-BF4B-00C04F79EFBC}") = "WebApplication1", "WebApplication1\WebApplication1.csproj", "{6491B303-9ADF-4EF8-8CA6-AB88290DD547}"
EndProject
Global
	GlobalSection(SolutionConfigurationPlatforms) = preSolution
		Debug|Any CPU = Debug|Any CPU
		Release|Any CPU = Release|Any CPU
	EndGlobalSection
	GlobalSection(ProjectConfigurationPlatforms) = postSolution
		{6491B303-9ADF-4EF8-8CA6-AB88290DD547}.Debug|Any CPU.ActiveCfg = Debug|Any CPU
		{6491B303-9ADF-4EF8-8CA6-AB88290DD547}.Debug|Any CPU.Build.0 = Debug|Any CPU
		{6491B303-9ADF-4EF8-8CA6-AB88290DD547}.Release|Any CPU.ActiveCfg = Release|Any CPU
		{6491B303-9ADF-4EF8-8CA6-AB88290DD547}.Release|Any CPU.Build.0 = Release|Any CPU
	EndGlobalSection
	GlobalSection(SolutionProperties) = preSolution
		HideSolutionNode = FALSE
	EndGlobalSection
	GlobalSection(ExtensibilityGlobals) = postSolution
		SolutionGuid = {676C3829-0408-4A50-B1E4-C6F2A609765F}
	EndGlobalSection
EndGlobal
